// !$*UTF8*$!
{
	archiveVersion = 1;
	classes = {
	};
	objectVersion = 48;
	objects = {

/* Begin PBXBuildFile section */
		989EE41B1FF49506003BBA9E /* AppDelegate.swift in Sources */ = {isa = PBXBuildFile; fileRef = 989EE41A1FF49506003BBA9E /* AppDelegate.swift */; };
		989EE41D1FF49506003BBA9E /* ViewController.swift in Sources */ = {isa = PBXBuildFile; fileRef = 989EE41C1FF49506003BBA9E /* ViewController.swift */; };
		989EE4201FF49506003BBA9E /* Main.storyboard in Resources */ = {isa = PBXBuildFile; fileRef = 989EE41E1FF49506003BBA9E /* Main.storyboard */; };
		989EE4221FF49507003BBA9E /* Assets.xcassets in Resources */ = {isa = PBXBuildFile; fileRef = 989EE4211FF49507003BBA9E /* Assets.xcassets */; };
		989EE4251FF49507003BBA9E /* LaunchScreen.storyboard in Resources */ = {isa = PBXBuildFile; fileRef = 989EE4231FF49507003BBA9E /* LaunchScreen.storyboard */; };
		989EE4301FF49507003BBA9E /* ToyTravisTests.swift in Sources */ = {isa = PBXBuildFile; fileRef = 989EE42F1FF49507003BBA9E /* ToyTravisTests.swift */; };
		B13CC954C0819716D57AE4BB /* Pods_ToyTravisTests.framework in Frameworks */ = {isa = PBXBuildFile; fileRef = 440EF385F88EF10F52D94EE6 /* Pods_ToyTravisTests.framework */; };
		B85AC50A25447CA66B287BFA /* Pods_ToyTravis.framework in Frameworks */ = {isa = PBXBuildFile; fileRef = AC73D1E5DE128155DE0D1E5B /* Pods_ToyTravis.framework */; };
/* End PBXBuildFile section */

/* Begin PBXContainerItemProxy section */
		989EE42C1FF49507003BBA9E /* PBXContainerItemProxy */ = {
			isa = PBXContainerItemProxy;
			containerPortal = 989EE40F1FF49506003BBA9E /* Project object */;
			proxyType = 1;
			remoteGlobalIDString = 989EE4161FF49506003BBA9E;
			remoteInfo = ToyTravis;
		};
/* End PBXContainerItemProxy section */

/* Begin PBXFileReference section */
		407FC08FD1CF09902CA202EF /* Pods-ToyTravisTests.debug.xcconfig */ = {isa = PBXFileReference; includeInIndex = 1; lastKnownFileType = text.xcconfig; name = "Pods-ToyTravisTests.debug.xcconfig"; path = "Pods/Target Support Files/Pods-ToyTravisTests/Pods-ToyTravisTests.debug.xcconfig"; sourceTree = "<group>"; };
		440EF385F88EF10F52D94EE6 /* Pods_ToyTravisTests.framework */ = {isa = PBXFileReference; explicitFileType = wrapper.framework; includeInIndex = 0; path = Pods_ToyTravisTests.framework; sourceTree = BUILT_PRODUCTS_DIR; };
		851321C54767BD50DB573C60 /* Pods-ToyTravis.release.xcconfig */ = {isa = PBXFileReference; includeInIndex = 1; lastKnownFileType = text.xcconfig; name = "Pods-ToyTravis.release.xcconfig"; path = "Pods/Target Support Files/Pods-ToyTravis/Pods-ToyTravis.release.xcconfig"; sourceTree = "<group>"; };
		989EE4171FF49506003BBA9E /* ToyTravis.app */ = {isa = PBXFileReference; explicitFileType = wrapper.application; includeInIndex = 0; path = ToyTravis.app; sourceTree = BUILT_PRODUCTS_DIR; };
		989EE41A1FF49506003BBA9E /* AppDelegate.swift */ = {isa = PBXFileReference; lastKnownFileType = sourcecode.swift; path = AppDelegate.swift; sourceTree = "<group>"; };
		989EE41C1FF49506003BBA9E /* ViewController.swift */ = {isa = PBXFileReference; lastKnownFileType = sourcecode.swift; path = ViewController.swift; sourceTree = "<group>"; };
		989EE41F1FF49506003BBA9E /* Base */ = {isa = PBXFileReference; lastKnownFileType = file.storyboard; name = Base; path = Base.lproj/Main.storyboard; sourceTree = "<group>"; };
		989EE4211FF49507003BBA9E /* Assets.xcassets */ = {isa = PBXFileReference; lastKnownFileType = folder.assetcatalog; path = Assets.xcassets; sourceTree = "<group>"; };
		989EE4241FF49507003BBA9E /* Base */ = {isa = PBXFileReference; lastKnownFileType = file.storyboard; name = Base; path = Base.lproj/LaunchScreen.storyboard; sourceTree = "<group>"; };
		989EE4261FF49507003BBA9E /* Info.plist */ = {isa = PBXFileReference; lastKnownFileType = text.plist.xml; path = Info.plist; sourceTree = "<group>"; };
		989EE42B1FF49507003BBA9E /* ToyTravisTests.xctest */ = {isa = PBXFileReference; explicitFileType = wrapper.cfbundle; includeInIndex = 0; path = ToyTravisTests.xctest; sourceTree = BUILT_PRODUCTS_DIR; };
		989EE42F1FF49507003BBA9E /* ToyTravisTests.swift */ = {isa = PBXFileReference; lastKnownFileType = sourcecode.swift; path = ToyTravisTests.swift; sourceTree = "<group>"; };
		989EE4311FF49507003BBA9E /* Info.plist */ = {isa = PBXFileReference; lastKnownFileType = text.plist.xml; path = Info.plist; sourceTree = "<group>"; };
		AC73D1E5DE128155DE0D1E5B /* Pods_ToyTravis.framework */ = {isa = PBXFileReference; explicitFileType = wrapper.framework; includeInIndex = 0; path = Pods_ToyTravis.framework; sourceTree = BUILT_PRODUCTS_DIR; };
		D21DF89BE9CCDFA8621E6DA5 /* Pods-ToyTravisTests.release.xcconfig */ = {isa = PBXFileReference; includeInIndex = 1; lastKnownFileType = text.xcconfig; name = "Pods-ToyTravisTests.release.xcconfig"; path = "Pods/Target Support Files/Pods-ToyTravisTests/Pods-ToyTravisTests.release.xcconfig"; sourceTree = "<group>"; };
		FFE7F481572B5B03024B19AA /* Pods-ToyTravis.debug.xcconfig */ = {isa = PBXFileReference; includeInIndex = 1; lastKnownFileType = text.xcconfig; name = "Pods-ToyTravis.debug.xcconfig"; path = "Pods/Target Support Files/Pods-ToyTravis/Pods-ToyTravis.debug.xcconfig"; sourceTree = "<group>"; };
/* End PBXFileReference section */

/* Begin PBXFrameworksBuildPhase section */
		989EE4141FF49506003BBA9E /* Frameworks */ = {
			isa = PBXFrameworksBuildPhase;
			buildActionMask = 2147483647;
			files = (
				B85AC50A25447CA66B287BFA /* Pods_ToyTravis.framework in Frameworks */,
			);
			runOnlyForDeploymentPostprocessing = 0;
		};
		989EE4281FF49507003BBA9E /* Frameworks */ = {
			isa = PBXFrameworksBuildPhase;
			buildActionMask = 2147483647;
			files = (
				B13CC954C0819716D57AE4BB /* Pods_ToyTravisTests.framework in Frameworks */,
			);
			runOnlyForDeploymentPostprocessing = 0;
		};
/* End PBXFrameworksBuildPhase section */

/* Begin PBXGroup section */
		989EE40E1FF49506003BBA9E = {
			isa = PBXGroup;
			children = (
				989EE4191FF49506003BBA9E /* ToyTravis */,
				989EE42E1FF49507003BBA9E /* ToyTravisTests */,
				989EE4181FF49506003BBA9E /* Products */,
				D38885B1EEEF6A2CFB119DBA /* Pods */,
				A6DF8691F2CC81E3017EB97A /* Frameworks */,
			);
			sourceTree = "<group>";
		};
		989EE4181FF49506003BBA9E /* Products */ = {
			isa = PBXGroup;
			children = (
				989EE4171FF49506003BBA9E /* ToyTravis.app */,
				989EE42B1FF49507003BBA9E /* ToyTravisTests.xctest */,
			);
			name = Products;
			sourceTree = "<group>";
		};
		989EE4191FF49506003BBA9E /* ToyTravis */ = {
			isa = PBXGroup;
			children = (
				989EE41A1FF49506003BBA9E /* AppDelegate.swift */,
				989EE41C1FF49506003BBA9E /* ViewController.swift */,
				989EE41E1FF49506003BBA9E /* Main.storyboard */,
				989EE4211FF49507003BBA9E /* Assets.xcassets */,
				989EE4231FF49507003BBA9E /* LaunchScreen.storyboard */,
				989EE4261FF49507003BBA9E /* Info.plist */,
			);
			path = ToyTravis;
			sourceTree = "<group>";
		};
		989EE42E1FF49507003BBA9E /* ToyTravisTests */ = {
			isa = PBXGroup;
			children = (
				989EE42F1FF49507003BBA9E /* ToyTravisTests.swift */,
				989EE4311FF49507003BBA9E /* Info.plist */,
			);
			path = ToyTravisTests;
			sourceTree = "<group>";
		};
		A6DF8691F2CC81E3017EB97A /* Frameworks */ = {
			isa = PBXGroup;
			children = (
				AC73D1E5DE128155DE0D1E5B /* Pods_ToyTravis.framework */,
				440EF385F88EF10F52D94EE6 /* Pods_ToyTravisTests.framework */,
			);
			name = Frameworks;
			sourceTree = "<group>";
		};
		D38885B1EEEF6A2CFB119DBA /* Pods */ = {
			isa = PBXGroup;
			children = (
				FFE7F481572B5B03024B19AA /* Pods-ToyTravis.debug.xcconfig */,
				851321C54767BD50DB573C60 /* Pods-ToyTravis.release.xcconfig */,
				407FC08FD1CF09902CA202EF /* Pods-ToyTravisTests.debug.xcconfig */,
				D21DF89BE9CCDFA8621E6DA5 /* Pods-ToyTravisTests.release.xcconfig */,
			);
			name = Pods;
			sourceTree = "<group>";
		};
/* End PBXGroup section */

/* Begin PBXNativeTarget section */
		989EE4161FF49506003BBA9E /* ToyTravis */ = {
			isa = PBXNativeTarget;
			buildConfigurationList = 989EE4341FF49507003BBA9E /* Build configuration list for PBXNativeTarget "ToyTravis" */;
			buildPhases = (
				86D935C576526DFE80F24DAB /* [CP] Check Pods Manifest.lock */,
				989EE4131FF49506003BBA9E /* Sources */,
				989EE4141FF49506003BBA9E /* Frameworks */,
				989EE4151FF49506003BBA9E /* Resources */,
				9562E15A64A48E388B7978FC /* [CP] Embed Pods Frameworks */,
				6972461F5997DD63BA2022F2 /* [CP] Copy Pods Resources */,
			);
			buildRules = (
			);
			dependencies = (
			);
			name = ToyTravis;
			productName = ToyTravis;
			productReference = 989EE4171FF49506003BBA9E /* ToyTravis.app */;
			productType = "com.apple.product-type.application";
		};
		989EE42A1FF49507003BBA9E /* ToyTravisTests */ = {
			isa = PBXNativeTarget;
			buildConfigurationList = 989EE4371FF49507003BBA9E /* Build configuration list for PBXNativeTarget "ToyTravisTests" */;
			buildPhases = (
				638DE3B1C4E6C3E28DF6F91A /* [CP] Check Pods Manifest.lock */,
				989EE4271FF49507003BBA9E /* Sources */,
				989EE4281FF49507003BBA9E /* Frameworks */,
				989EE4291FF49507003BBA9E /* Resources */,
				15E4052BFE89DB9E73184814 /* [CP] Embed Pods Frameworks */,
				41BEB3A0A14647FDF8BA7A6C /* [CP] Copy Pods Resources */,
			);
			buildRules = (
			);
			dependencies = (
				989EE42D1FF49507003BBA9E /* PBXTargetDependency */,
			);
			name = ToyTravisTests;
			productName = ToyTravisTests;
			productReference = 989EE42B1FF49507003BBA9E /* ToyTravisTests.xctest */;
			productType = "com.apple.product-type.bundle.unit-test";
		};
/* End PBXNativeTarget section */

/* Begin PBXProject section */
		989EE40F1FF49506003BBA9E /* Project object */ = {
			isa = PBXProject;
			attributes = {
				LastSwiftUpdateCheck = 0920;
				LastUpgradeCheck = 0920;
				ORGANIZATIONNAME = "Faiz Mokhtar";
				TargetAttributes = {
					989EE4161FF49506003BBA9E = {
						CreatedOnToolsVersion = 9.2;
						ProvisioningStyle = Automatic;
					};
					989EE42A1FF49507003BBA9E = {
						CreatedOnToolsVersion = 9.2;
						ProvisioningStyle = Automatic;
						TestTargetID = 989EE4161FF49506003BBA9E;
					};
				};
			};
			buildConfigurationList = 989EE4121FF49506003BBA9E /* Build configuration list for PBXProject "ToyTravis" */;
			compatibilityVersion = "Xcode 8.0";
			developmentRegion = en;
			hasScannedForEncodings = 0;
			knownRegions = (
				en,
				Base,
			);
			mainGroup = 989EE40E1FF49506003BBA9E;
			productRefGroup = 989EE4181FF49506003BBA9E /* Products */;
			projectDirPath = "";
			projectRoot = "";
			targets = (
				989EE4161FF49506003BBA9E /* ToyTravis */,
				989EE42A1FF49507003BBA9E /* ToyTravisTests */,
			);
		};
/* End PBXProject section */

/* Begin PBXResourcesBuildPhase section */
		989EE4151FF49506003BBA9E /* Resources */ = {
			isa = PBXResourcesBuildPhase;
			buildActionMask = 2147483647;
			files = (
				989EE4251FF49507003BBA9E /* LaunchScreen.storyboard in Resources */,
				989EE4221FF49507003BBA9E /* Assets.xcassets in Resources */,
				989EE4201FF49506003BBA9E /* Main.storyboard in Resources */,
			);
			runOnlyForDeploymentPostprocessing = 0;
		};
		989EE4291FF49507003BBA9E /* Resources */ = {
			isa = PBXResourcesBuildPhase;
			buildActionMask = 2147483647;
			files = (
			);
			runOnlyForDeploymentPostprocessing = 0;
		};
/* End PBXResourcesBuildPhase section */

/* Begin PBXShellScriptBuildPhase section */
		15E4052BFE89DB9E73184814 /* [CP] Embed Pods Frameworks */ = {
			isa = PBXShellScriptBuildPhase;
			buildActionMask = 2147483647;
			files = (
			);
			inputPaths = (
			);
			name = "[CP] Embed Pods Frameworks";
			outputPaths = (
			);
			runOnlyForDeploymentPostprocessing = 0;
			shellPath = /bin/sh;
			shellScript = "\"${SRCROOT}/Pods/Target Support Files/Pods-ToyTravisTests/Pods-ToyTravisTests-frameworks.sh\"\n";
			showEnvVarsInLog = 0;
		};
		41BEB3A0A14647FDF8BA7A6C /* [CP] Copy Pods Resources */ = {
			isa = PBXShellScriptBuildPhase;
			buildActionMask = 2147483647;
			files = (
			);
			inputPaths = (
			);
			name = "[CP] Copy Pods Resources";
			outputPaths = (
			);
			runOnlyForDeploymentPostprocessing = 0;
			shellPath = /bin/sh;
			shellScript = "\"${SRCROOT}/Pods/Target Support Files/Pods-ToyTravisTests/Pods-ToyTravisTests-resources.sh\"\n";
			showEnvVarsInLog = 0;
		};
		638DE3B1C4E6C3E28DF6F91A /* [CP] Check Pods Manifest.lock */ = {
			isa = PBXShellScriptBuildPhase;
			buildActionMask = 2147483647;
			files = (
			);
			inputPaths = (
			);
			name = "[CP] Check Pods Manifest.lock";
			outputPaths = (
			);
			runOnlyForDeploymentPostprocessing = 0;
			shellPath = /bin/sh;
			shellScript = "diff \"${PODS_PODFILE_DIR_PATH}/Podfile.lock\" \"${PODS_ROOT}/Manifest.lock\" > /dev/null\nif [ $? != 0 ] ; then\n    # print error to STDERR\n    echo \"error: The sandbox is not in sync with the Podfile.lock. Run 'pod install' or update your CocoaPods installation.\" >&2\n    exit 1\nfi\n";
			showEnvVarsInLog = 0;
		};
		6972461F5997DD63BA2022F2 /* [CP] Copy Pods Resources */ = {
			isa = PBXShellScriptBuildPhase;
			buildActionMask = 2147483647;
			files = (
			);
			inputPaths = (
			);
			name = "[CP] Copy Pods Resources";
			outputPaths = (
			);
			runOnlyForDeploymentPostprocessing = 0;
			shellPath = /bin/sh;
			shellScript = "\"${SRCROOT}/Pods/Target Support Files/Pods-ToyTravis/Pods-ToyTravis-resources.sh\"\n";
			showEnvVarsInLog = 0;
		};
		86D935C576526DFE80F24DAB /* [CP] Check Pods Manifest.lock */ = {
			isa = PBXShellScriptBuildPhase;
			buildActionMask = 2147483647;
			files = (
			);
			inputPaths = (
			);
			name = "[CP] Check Pods Manifest.lock";
			outputPaths = (
			);
			runOnlyForDeploymentPostprocessing = 0;
			shellPath = /bin/sh;
			shellScript = "diff \"${PODS_PODFILE_DIR_PATH}/Podfile.lock\" \"${PODS_ROOT}/Manifest.lock\" > /dev/null\nif [ $? != 0 ] ; then\n    # print error to STDERR\n    echo \"error: The sandbox is not in sync with the Podfile.lock. Run 'pod install' or update your CocoaPods installation.\" >&2\n    exit 1\nfi\n";
			showEnvVarsInLog = 0;
		};
		9562E15A64A48E388B7978FC /* [CP] Embed Pods Frameworks */ = {
			isa = PBXShellScriptBuildPhase;
			buildActionMask = 2147483647;
			files = (
			);
			inputPaths = (
			);
			name = "[CP] Embed Pods Frameworks";
			outputPaths = (
			);
			runOnlyForDeploymentPostprocessing = 0;
			shellPath = /bin/sh;
			shellScript = "\"${SRCROOT}/Pods/Target Support Files/Pods-ToyTravis/Pods-ToyTravis-frameworks.sh\"\n";
			showEnvVarsInLog = 0;
		};
/* End PBXShellScriptBuildPhase section */

/* Begin PBXSourcesBuildPhase section */
		989EE4131FF49506003BBA9E /* Sources */ = {
			isa = PBXSourcesBuildPhase;
			buildActionMask = 2147483647;
			files = (
				989EE41D1FF49506003BBA9E /* ViewController.swift in Sources */,
				989EE41B1FF49506003BBA9E /* AppDelegate.swift in Sources */,
			);
			runOnlyForDeploymentPostprocessing = 0;
		};
		989EE4271FF49507003BBA9E /* Sources */ = {
			isa = PBXSourcesBuildPhase;
			buildActionMask = 2147483647;
			files = (
				989EE4301FF49507003BBA9E /* ToyTravisTests.swift in Sources */,
			);
			runOnlyForDeploymentPostprocessing = 0;
		};
/* End PBXSourcesBuildPhase section */

/* Begin PBXTargetDependency section */
		989EE42D1FF49507003BBA9E /* PBXTargetDependency */ = {
			isa = PBXTargetDependency;
			target = 989EE4161FF49506003BBA9E /* ToyTravis */;
			targetProxy = 989EE42C1FF49507003BBA9E /* PBXContainerItemProxy */;
		};
/* End PBXTargetDependency section */

/* Begin PBXVariantGroup section */
		989EE41E1FF49506003BBA9E /* Main.storyboard */ = {
			isa = PBXVariantGroup;
			children = (
				989EE41F1FF49506003BBA9E /* Base */,
			);
			name = Main.storyboard;
			sourceTree = "<group>";
		};
		989EE4231FF49507003BBA9E /* LaunchScreen.storyboard */ = {
			isa = PBXVariantGroup;
			children = (
				989EE4241FF49507003BBA9E /* Base */,
			);
			name = LaunchScreen.storyboard;
			sourceTree = "<group>";
		};
/* End PBXVariantGroup section */

/* Begin XCBuildConfiguration section */
		989EE4321FF49507003BBA9E /* Debug */ = {
			isa = XCBuildConfiguration;
			buildSettings = {
				ALWAYS_SEARCH_USER_PATHS = NO;
				CLANG_ANALYZER_NONNULL = YES;
				CLANG_ANALYZER_NUMBER_OBJECT_CONVERSION = YES_AGGRESSIVE;
				CLANG_CXX_LANGUAGE_STANDARD = "gnu++14";
				CLANG_CXX_LIBRARY = "libc++";
				CLANG_ENABLE_MODULES = YES;
				CLANG_ENABLE_OBJC_ARC = YES;
				CLANG_WARN_BLOCK_CAPTURE_AUTORELEASING = YES;
				CLANG_WARN_BOOL_CONVERSION = YES;
				CLANG_WARN_COMMA = YES;
				CLANG_WARN_CONSTANT_CONVERSION = YES;
				CLANG_WARN_DIRECT_OBJC_ISA_USAGE = YES_ERROR;
				CLANG_WARN_DOCUMENTATION_COMMENTS = YES;
				CLANG_WARN_EMPTY_BODY = YES;
				CLANG_WARN_ENUM_CONVERSION = YES;
				CLANG_WARN_INFINITE_RECURSION = YES;
				CLANG_WARN_INT_CONVERSION = YES;
				CLANG_WARN_NON_LITERAL_NULL_CONVERSION = YES;
				CLANG_WARN_OBJC_LITERAL_CONVERSION = YES;
				CLANG_WARN_OBJC_ROOT_CLASS = YES_ERROR;
				CLANG_WARN_RANGE_LOOP_ANALYSIS = YES;
				CLANG_WARN_STRICT_PROTOTYPES = YES;
				CLANG_WARN_SUSPICIOUS_MOVE = YES;
				CLANG_WARN_UNGUARDED_AVAILABILITY = YES_AGGRESSIVE;
				CLANG_WARN_UNREACHABLE_CODE = YES;
				CLANG_WARN__DUPLICATE_METHOD_MATCH = YES;
				CODE_SIGN_IDENTITY = "iPhone Developer";
				COPY_PHASE_STRIP = NO;
				DEBUG_INFORMATION_FORMAT = dwarf;
				ENABLE_STRICT_OBJC_MSGSEND = YES;
				ENABLE_TESTABILITY = YES;
				GCC_C_LANGUAGE_STANDARD = gnu11;
				GCC_DYNAMIC_NO_PIC = NO;
				GCC_NO_COMMON_BLOCKS = YES;
				GCC_OPTIMIZATION_LEVEL = 0;
				GCC_PREPROCESSOR_DEFINITIONS = (
					"DEBUG=1",
					"$(inherited)",
				);
				GCC_WARN_64_TO_32_BIT_CONVERSION = YES;
				GCC_WARN_ABOUT_RETURN_TYPE = YES_ERROR;
				GCC_WARN_UNDECLARED_SELECTOR = YES;
				GCC_WARN_UNINITIALIZED_AUTOS = YES_AGGRESSIVE;
				GCC_WARN_UNUSED_FUNCTION = YES;
				GCC_WARN_UNUSED_VARIABLE = YES;
				IPHONEOS_DEPLOYMENT_TARGET = 11.2;
				MTL_ENABLE_DEBUG_INFO = YES;
				ONLY_ACTIVE_ARCH = YES;
				SDKROOT = iphoneos;
				SWIFT_ACTIVE_COMPILATION_CONDITIONS = DEBUG;
				SWIFT_OPTIMIZATION_LEVEL = "-Onone";
			};
			name = Debug;
		};
		989EE4331FF49507003BBA9E /* Release */ = {
			isa = XCBuildConfiguration;
			buildSettings = {
				ALWAYS_SEARCH_USER_PATHS = NO;
				CLANG_ANALYZER_NONNULL = YES;
				CLANG_ANALYZER_NUMBER_OBJECT_CONVERSION = YES_AGGRESSIVE;
				CLANG_CXX_LANGUAGE_STANDARD = "gnu++14";
				CLANG_CXX_LIBRARY = "libc++";
				CLANG_ENABLE_MODULES = YES;
				CLANG_ENABLE_OBJC_ARC = YES;
				CLANG_WARN_BLOCK_CAPTURE_AUTORELEASING = YES;
				CLANG_WARN_BOOL_CONVERSION = YES;
				CLANG_WARN_COMMA = YES;
				CLANG_WARN_CONSTANT_CONVERSION = YES;
				CLANG_WARN_DIRECT_OBJC_ISA_USAGE = YES_ERROR;
				CLANG_WARN_DOCUMENTATION_COMMENTS = YES;
				CLANG_WARN_EMPTY_BODY = YES;
				CLANG_WARN_ENUM_CONVERSION = YES;
				CLANG_WARN_INFINITE_RECURSION = YES;
				CLANG_WARN_INT_CONVERSION = YES;
				CLANG_WARN_NON_LITERAL_NULL_CONVERSION = YES;
				CLANG_WARN_OBJC_LITERAL_CONVERSION = YES;
				CLANG_WARN_OBJC_ROOT_CLASS = YES_ERROR;
				CLANG_WARN_RANGE_LOOP_ANALYSIS = YES;
				CLANG_WARN_STRICT_PROTOTYPES = YES;
				CLANG_WARN_SUSPICIOUS_MOVE = YES;
				CLANG_WARN_UNGUARDED_AVAILABILITY = YES_AGGRESSIVE;
				CLANG_WARN_UNREACHABLE_CODE = YES;
				CLANG_WARN__DUPLICATE_METHOD_MATCH = YES;
				CODE_SIGN_IDENTITY = "iPhone Developer";
				COPY_PHASE_STRIP = NO;
				DEBUG_INFORMATION_FORMAT = "dwarf-with-dsym";
				ENABLE_NS_ASSERTIONS = NO;
				ENABLE_STRICT_OBJC_MSGSEND = YES;
				GCC_C_LANGUAGE_STANDARD = gnu11;
				GCC_NO_COMMON_BLOCKS = YES;
				GCC_WARN_64_TO_32_BIT_CONVERSION = YES;
				GCC_WARN_ABOUT_RETURN_TYPE = YES_ERROR;
				GCC_WARN_UNDECLARED_SELECTOR = YES;
				GCC_WARN_UNINITIALIZED_AUTOS = YES_AGGRESSIVE;
				GCC_WARN_UNUSED_FUNCTION = YES;
				GCC_WARN_UNUSED_VARIABLE = YES;
				IPHONEOS_DEPLOYMENT_TARGET = 11.2;
				MTL_ENABLE_DEBUG_INFO = NO;
				SDKROOT = iphoneos;
				SWIFT_OPTIMIZATION_LEVEL = "-Owholemodule";
				VALIDATE_PRODUCT = YES;
			};
			name = Release;
		};
		989EE4351FF49507003BBA9E /* Debug */ = {
			isa = XCBuildConfiguration;
			baseConfigurationReference = FFE7F481572B5B03024B19AA /* Pods-ToyTravis.debug.xcconfig */;
			buildSettings = {
				ASSETCATALOG_COMPILER_APPICON_NAME = AppIcon;
				CODE_SIGN_STYLE = Automatic;
				INFOPLIST_FILE = ToyTravis/Info.plist;
				LD_RUNPATH_SEARCH_PATHS = "$(inherited) @executable_path/Frameworks";
				PRODUCT_BUNDLE_IDENTIFIER = com.faizmokhtar.ToyTravis;
				PRODUCT_NAME = "$(TARGET_NAME)";
				SWIFT_VERSION = 4.0;
				TARGETED_DEVICE_FAMILY = "1,2";
			};
			name = Debug;
		};
		989EE4361FF49507003BBA9E /* Release */ = {
			isa = XCBuildConfiguration;
			baseConfigurationReference = 851321C54767BD50DB573C60 /* Pods-ToyTravis.release.xcconfig */;
			buildSettings = {
				ASSETCATALOG_COMPILER_APPICON_NAME = AppIcon;
				CODE_SIGN_STYLE = Automatic;
				INFOPLIST_FILE = ToyTravis/Info.plist;
				LD_RUNPATH_SEARCH_PATHS = "$(inherited) @executable_path/Frameworks";
				PRODUCT_BUNDLE_IDENTIFIER = com.faizmokhtar.ToyTravis;
				PRODUCT_NAME = "$(TARGET_NAME)";
				SWIFT_VERSION = 4.0;
				TARGETED_DEVICE_FAMILY = "1,2";
			};
			name = Release;
		};
		989EE4381FF49507003BBA9E /* Debug */ = {
			isa = XCBuildConfiguration;
			baseConfigurationReference = 407FC08FD1CF09902CA202EF /* Pods-ToyTravisTests.debug.xcconfig */;
			buildSettings = {
				ALWAYS_EMBED_SWIFT_STANDARD_LIBRARIES = YES;
				BUNDLE_LOADER = "$(TEST_HOST)";
				CODE_SIGN_STYLE = Automatic;
				INFOPLIST_FILE = ToyTravisTests/Info.plist;
				LD_RUNPATH_SEARCH_PATHS = "$(inherited) @executable_path/Frameworks @loader_path/Frameworks";
				PRODUCT_BUNDLE_IDENTIFIER = com.faizmokhtar.ToyTravisTests;
				PRODUCT_NAME = "$(TARGET_NAME)";
				SWIFT_VERSION = 4.0;
				TARGETED_DEVICE_FAMILY = "1,2";
				TEST_HOST = "$(BUILT_PRODUCTS_DIR)/ToyTravis.app/ToyTravis";
			};
			name = Debug;
		};
		989EE4391FF49507003BBA9E /* Release */ = {
			isa = XCBuildConfiguration;
			baseConfigurationReference = D21DF89BE9CCDFA8621E6DA5 /* Pods-ToyTravisTests.release.xcconfig */;
			buildSettings = {
				ALWAYS_EMBED_SWIFT_STANDARD_LIBRARIES = YES;
				BUNDLE_LOADER = "$(TEST_HOST)";
				CODE_SIGN_STYLE = Automatic;
				INFOPLIST_FILE = ToyTravisTests/Info.plist;
				LD_RUNPATH_SEARCH_PATHS = "$(inherited) @executable_path/Frameworks @loader_path/Frameworks";
				PRODUCT_BUNDLE_IDENTIFIER = com.faizmokhtar.ToyTravisTests;
				PRODUCT_NAME = "$(TARGET_NAME)";
				SWIFT_VERSION = 4.0;
				TARGETED_DEVICE_FAMILY = "1,2";
				TEST_HOST = "$(BUILT_PRODUCTS_DIR)/ToyTravis.app/ToyTravis";
			};
			name = Release;
		};
/* End XCBuildConfiguration section */

/* Begin XCConfigurationList section */
		989EE4121FF49506003BBA9E /* Build configuration list for PBXProject "ToyTravis" */ = {
			isa = XCConfigurationList;
			buildConfigurations = (
				989EE4321FF49507003BBA9E /* Debug */,
				989EE4331FF49507003BBA9E /* Release */,
			);
			defaultConfigurationIsVisible = 0;
			defaultConfigurationName = Release;
		};
		989EE4341FF49507003BBA9E /* Build configuration list for PBXNativeTarget "ToyTravis" */ = {
			isa = XCConfigurationList;
			buildConfigurations = (
				989EE4351FF49507003BBA9E /* Debug */,
				989EE4361FF49507003BBA9E /* Release */,
			);
			defaultConfigurationIsVisible = 0;
			defaultConfigurationName = Release;
		};
		989EE4371FF49507003BBA9E /* Build configuration list for PBXNativeTarget "ToyTravisTests" */ = {
			isa = XCConfigurationList;
			buildConfigurations = (
				989EE4381FF49507003BBA9E /* Debug */,
				989EE4391FF49507003BBA9E /* Release */,
			);
			defaultConfigurationIsVisible = 0;
			defaultConfigurationName = Release;
		};
/* End XCConfigurationList section */
	};
	rootObject = 989EE40F1FF49506003BBA9E /* Project object */;
}
